
Microsoft Visual Studio Solution File, Format Version 12.00
# Visual Studio Version 16
VisualStudioVersion = 16.0.29806.167
MinimumVisualStudioVersion = 10.0.40219.1
Project("{FAE04EC0-301F-11D3-BF4B-00C04F79EFBC}") = "NerdMonkey.Extensions.Hosting", "src\NerdMonkey.Extensions.Hosting\NerdMonkey.Extensions.Hosting.csproj", "{41E66583-97FC-40CC-8A62-CAAA4C2ECDB0}"
EndProject
Project("{FAE04EC0-301F-11D3-BF4B-00C04F79EFBC}") = "NerdMonkey.Demo", "src\NerdMonkey.Demo\NerdMonkey.Demo.csproj", "{6E8C3CBF-7A16-4343-B3B3-C0E2C1B413B0}"
EndProject
Global
	GlobalSection(SolutionConfigurationPlatforms) = preSolution
		Debug|Any CPU = Debug|Any CPU
		Release|Any CPU = Release|Any CPU
	EndGlobalSection
	GlobalSection(ProjectConfigurationPlatforms) = postSolution
		{41E66583-97FC-40CC-8A62-CAAA4C2ECDB0}.Debug|Any CPU.ActiveCfg = Debug|Any CPU
		{41E66583-97FC-40CC-8A62-CAAA4C2ECDB0}.Debug|Any CPU.Build.0 = Debug|Any CPU
		{41E66583-97FC-40CC-8A62-CAAA4C2ECDB0}.Release|Any CPU.ActiveCfg = Release|Any CPU
		{41E66583-97FC-40CC-8A62-CAAA4C2ECDB0}.Release|Any CPU.Build.0 = Release|Any CPU
		{6E8C3CBF-7A16-4343-B3B3-C0E2C1B413B0}.Debug|Any CPU.ActiveCfg = Debug|Any CPU
		{6E8C3CBF-7A16-4343-B3B3-C0E2C1B413B0}.Debug|Any CPU.Build.0 = Debug|Any CPU
		{6E8C3CBF-7A16-4343-B3B3-C0E2C1B413B0}.Release|Any CPU.ActiveCfg = Release|Any CPU
		{6E8C3CBF-7A16-4343-B3B3-C0E2C1B413B0}.Release|Any CPU.Build.0 = Release|Any CPU
	EndGlobalSection
	GlobalSection(SolutionProperties) = preSolution
		HideSolutionNode = FALSE
	EndGlobalSection
	GlobalSection(ExtensibilityGlobals) = postSolution
		SolutionGuid = {E5AA5660-B6BF-4CC0-9D9A-762A266C4493}
	EndGlobalSection
EndGlobal
