
Microsoft Visual Studio Solution File, Format Version 12.00
# Visual Studio Version 16
VisualStudioVersion = 16.0.29806.167
MinimumVisualStudioVersion = 10.0.40219.1
Project("{9A19103F-16F7-4668-BE54-9A1E7A4F7556}") = "NerdMonkey.App", "src\NerdMonkey.Extensions.Hosting\NerdMonkey.App.csproj", "{41E66583-97FC-40CC-8A62-CAAA4C2ECDB0}"
EndProject
Project("{9A19103F-16F7-4668-BE54-9A1E7A4F7556}") = "NerdMonkey.Demo", "src\NerdMonkey.Demo\NerdMonkey.Demo.csproj", "{8DC8260D-D485-461E-B39F-710358F801AD}"
EndProject
Project("{9A19103F-16F7-4668-BE54-9A1E7A4F7556}") = "NerdMonkey.Api", "src\NerdMonkey.Api\NerdMonkey.Api.csproj", "{B50B3D0D-0506-4B3F-8E3A-23944B23BCFF}"
EndProject
Project("{9A19103F-16F7-4668-BE54-9A1E7A4F7556}") = "NerdMonkey.Model", "src\NerdMonkey.Model\NerdMonkey.Model.csproj", "{57DBC958-39BC-4324-A183-35B110611BA1}"
EndProject
Project("{9A19103F-16F7-4668-BE54-9A1E7A4F7556}") = "NerdMonkey.Extensions.Hosting.NotifyIcon", "src\NerdMonkey.Extensions.Hosting.NotifyIcon\NerdMonkey.Extensions.Hosting.NotifyIcon.csproj", "{1FAB1A53-9E75-43EB-832C-6F64B1205C94}"
EndProject
Project("{2150E333-8FDC-42A3-9474-1A3956D46DE8}") = "Demo", "Demo", "{FCDF6AFE-A498-493B-9A11-E093011A4526}"
EndProject
Project("{2150E333-8FDC-42A3-9474-1A3956D46DE8}") = "Tests", "Tests", "{9A20631E-61BE-429F-94DE-CAF74EE734F6}"
EndProject
Project("{FAE04EC0-301F-11D3-BF4B-00C04F79EFBC}") = "NerdMonkey.Extensions.Hosting.NotifyIcon.Tests", "test\NerdMonkey.Extensions.Hosting.NotifyIcon.Tests\NerdMonkey.Extensions.Hosting.NotifyIcon.Tests.csproj", "{3B412AF7-FC53-413F-8102-28769062D3AC}"
EndProject
Global
	GlobalSection(SolutionConfigurationPlatforms) = preSolution
		Debug|Any CPU = Debug|Any CPU
		Release|Any CPU = Release|Any CPU
	EndGlobalSection
	GlobalSection(ProjectConfigurationPlatforms) = postSolution
		{41E66583-97FC-40CC-8A62-CAAA4C2ECDB0}.Debug|Any CPU.ActiveCfg = Debug|Any CPU
		{41E66583-97FC-40CC-8A62-CAAA4C2ECDB0}.Debug|Any CPU.Build.0 = Debug|Any CPU
		{41E66583-97FC-40CC-8A62-CAAA4C2ECDB0}.Release|Any CPU.ActiveCfg = Release|Any CPU
		{41E66583-97FC-40CC-8A62-CAAA4C2ECDB0}.Release|Any CPU.Build.0 = Release|Any CPU
		{8DC8260D-D485-461E-B39F-710358F801AD}.Debug|Any CPU.ActiveCfg = Debug|Any CPU
		{8DC8260D-D485-461E-B39F-710358F801AD}.Debug|Any CPU.Build.0 = Debug|Any CPU
		{8DC8260D-D485-461E-B39F-710358F801AD}.Release|Any CPU.ActiveCfg = Release|Any CPU
		{8DC8260D-D485-461E-B39F-710358F801AD}.Release|Any CPU.Build.0 = Release|Any CPU
		{B50B3D0D-0506-4B3F-8E3A-23944B23BCFF}.Debug|Any CPU.ActiveCfg = Debug|Any CPU
		{B50B3D0D-0506-4B3F-8E3A-23944B23BCFF}.Debug|Any CPU.Build.0 = Debug|Any CPU
		{B50B3D0D-0506-4B3F-8E3A-23944B23BCFF}.Release|Any CPU.ActiveCfg = Release|Any CPU
		{B50B3D0D-0506-4B3F-8E3A-23944B23BCFF}.Release|Any CPU.Build.0 = Release|Any CPU
		{57DBC958-39BC-4324-A183-35B110611BA1}.Debug|Any CPU.ActiveCfg = Debug|Any CPU
		{57DBC958-39BC-4324-A183-35B110611BA1}.Debug|Any CPU.Build.0 = Debug|Any CPU
		{57DBC958-39BC-4324-A183-35B110611BA1}.Release|Any CPU.ActiveCfg = Release|Any CPU
		{57DBC958-39BC-4324-A183-35B110611BA1}.Release|Any CPU.Build.0 = Release|Any CPU
		{1FAB1A53-9E75-43EB-832C-6F64B1205C94}.Debug|Any CPU.ActiveCfg = Debug|Any CPU
		{1FAB1A53-9E75-43EB-832C-6F64B1205C94}.Debug|Any CPU.Build.0 = Debug|Any CPU
		{1FAB1A53-9E75-43EB-832C-6F64B1205C94}.Release|Any CPU.ActiveCfg = Release|Any CPU
		{1FAB1A53-9E75-43EB-832C-6F64B1205C94}.Release|Any CPU.Build.0 = Release|Any CPU
		{3B412AF7-FC53-413F-8102-28769062D3AC}.Debug|Any CPU.ActiveCfg = Debug|Any CPU
		{3B412AF7-FC53-413F-8102-28769062D3AC}.Debug|Any CPU.Build.0 = Debug|Any CPU
		{3B412AF7-FC53-413F-8102-28769062D3AC}.Release|Any CPU.ActiveCfg = Release|Any CPU
		{3B412AF7-FC53-413F-8102-28769062D3AC}.Release|Any CPU.Build.0 = Release|Any CPU
	EndGlobalSection
	GlobalSection(SolutionProperties) = preSolution
		HideSolutionNode = FALSE
	EndGlobalSection
	GlobalSection(NestedProjects) = preSolution
		{41E66583-97FC-40CC-8A62-CAAA4C2ECDB0} = {FCDF6AFE-A498-493B-9A11-E093011A4526}
		{8DC8260D-D485-461E-B39F-710358F801AD} = {FCDF6AFE-A498-493B-9A11-E093011A4526}
		{B50B3D0D-0506-4B3F-8E3A-23944B23BCFF} = {FCDF6AFE-A498-493B-9A11-E093011A4526}
		{57DBC958-39BC-4324-A183-35B110611BA1} = {FCDF6AFE-A498-493B-9A11-E093011A4526}
		{3B412AF7-FC53-413F-8102-28769062D3AC} = {9A20631E-61BE-429F-94DE-CAF74EE734F6}
	EndGlobalSection
	GlobalSection(ExtensibilityGlobals) = postSolution
		SolutionGuid = {E5AA5660-B6BF-4CC0-9D9A-762A266C4493}
	EndGlobalSection
EndGlobal
